// !$*UTF8*$!
{
	archiveVersion = 1;
	classes = {
	};
	objectVersion = 46;
	objects = {

/* Begin PBXBuildFile section */
		8E4A00901C55D97E0019C1A7 /* AppDelegate.swift in Sources */ = {isa = PBXBuildFile; fileRef = 8E4A008F1C55D97E0019C1A7 /* AppDelegate.swift */; };
		8E4A00921C55D97E0019C1A7 /* ViewController.swift in Sources */ = {isa = PBXBuildFile; fileRef = 8E4A00911C55D97E0019C1A7 /* ViewController.swift */; };
		8E4A00951C55D97E0019C1A7 /* Main.storyboard in Resources */ = {isa = PBXBuildFile; fileRef = 8E4A00931C55D97E0019C1A7 /* Main.storyboard */; };
		8E4A00971C55D97E0019C1A7 /* Assets.xcassets in Resources */ = {isa = PBXBuildFile; fileRef = 8E4A00961C55D97E0019C1A7 /* Assets.xcassets */; };
		8E4A009A1C55D97E0019C1A7 /* LaunchScreen.storyboard in Resources */ = {isa = PBXBuildFile; fileRef = 8E4A00981C55D97E0019C1A7 /* LaunchScreen.storyboard */; };
		8E4A00A51C55D97E0019C1A7 /* Super_CoolTests.swift in Sources */ = {isa = PBXBuildFile; fileRef = 8E4A00A41C55D97E0019C1A7 /* Super_CoolTests.swift */; };
		8E4A00B01C55D97E0019C1A7 /* Super_CoolUITests.swift in Sources */ = {isa = PBXBuildFile; fileRef = 8E4A00AF1C55D97E0019C1A7 /* Super_CoolUITests.swift */; };
/* End PBXBuildFile section */

/* Begin PBXContainerItemProxy section */
		8E4A00A11C55D97E0019C1A7 /* PBXContainerItemProxy */ = {
			isa = PBXContainerItemProxy;
			containerPortal = 8E4A00841C55D97E0019C1A7 /* Project object */;
			proxyType = 1;
			remoteGlobalIDString = 8E4A008B1C55D97E0019C1A7;
			remoteInfo = "Super Cool";
		};
		8E4A00AC1C55D97E0019C1A7 /* PBXContainerItemProxy */ = {
			isa = PBXContainerItemProxy;
			containerPortal = 8E4A00841C55D97E0019C1A7 /* Project object */;
			proxyType = 1;
			remoteGlobalIDString = 8E4A008B1C55D97E0019C1A7;
			remoteInfo = "Super Cool";
		};
/* End PBXContainerItemProxy section */

/* Begin PBXFileReference section */
		8E4A008C1C55D97E0019C1A7 /* Super Cool.app */ = {isa = PBXFileReference; explicitFileType = wrapper.application; includeInIndex = 0; path = "Super Cool.app"; sourceTree = BUILT_PRODUCTS_DIR; };
		8E4A008F1C55D97E0019C1A7 /* AppDelegate.swift */ = {isa = PBXFileReference; lastKnownFileType = sourcecode.swift; path = AppDelegate.swift; sourceTree = "<group>"; };
		8E4A00911C55D97E0019C1A7 /* ViewController.swift */ = {isa = PBXFileReference; lastKnownFileType = sourcecode.swift; path = ViewController.swift; sourceTree = "<group>"; };
		8E4A00941C55D97E0019C1A7 /* Base */ = {isa = PBXFileReference; lastKnownFileType = file.storyboard; name = Base; path = Base.lproj/Main.storyboard; sourceTree = "<group>"; };
		8E4A00961C55D97E0019C1A7 /* Assets.xcassets */ = {isa = PBXFileReference; lastKnownFileType = folder.assetcatalog; path = Assets.xcassets; sourceTree = "<group>"; };
		8E4A00991C55D97E0019C1A7 /* Base */ = {isa = PBXFileReference; lastKnownFileType = file.storyboard; name = Base; path = Base.lproj/LaunchScreen.storyboard; sourceTree = "<group>"; };
		8E4A009B1C55D97E0019C1A7 /* Info.plist */ = {isa = PBXFileReference; lastKnownFileType = text.plist.xml; path = Info.plist; sourceTree = "<group>"; };
		8E4A00A01C55D97E0019C1A7 /* Super CoolTests.xctest */ = {isa = PBXFileReference; explicitFileType = wrapper.cfbundle; includeInIndex = 0; path = "Super CoolTests.xctest"; sourceTree = BUILT_PRODUCTS_DIR; };
		8E4A00A41C55D97E0019C1A7 /* Super_CoolTests.swift */ = {isa = PBXFileReference; lastKnownFileType = sourcecode.swift; path = Super_CoolTests.swift; sourceTree = "<group>"; };
		8E4A00A61C55D97E0019C1A7 /* Info.plist */ = {isa = PBXFileReference; lastKnownFileType = text.plist.xml; path = Info.plist; sourceTree = "<group>"; };
		8E4A00AB1C55D97E0019C1A7 /* Super CoolUITests.xctest */ = {isa = PBXFileReference; explicitFileType = wrapper.cfbundle; includeInIndex = 0; path = "Super CoolUITests.xctest"; sourceTree = BUILT_PRODUCTS_DIR; };
		8E4A00AF1C55D97E0019C1A7 /* Super_CoolUITests.swift */ = {isa = PBXFileReference; lastKnownFileType = sourcecode.swift; path = Super_CoolUITests.swift; sourceTree = "<group>"; };
		8E4A00B11C55D97E0019C1A7 /* Info.plist */ = {isa = PBXFileReference; lastKnownFileType = text.plist.xml; path = Info.plist; sourceTree = "<group>"; };
/* End PBXFileReference section */

/* Begin PBXFrameworksBuildPhase section */
		8E4A00891C55D97E0019C1A7 /* Frameworks */ = {
			isa = PBXFrameworksBuildPhase;
			buildActionMask = 2147483647;
			files = (
			);
			runOnlyForDeploymentPostprocessing = 0;
		};
		8E4A009D1C55D97E0019C1A7 /* Frameworks */ = {
			isa = PBXFrameworksBuildPhase;
			buildActionMask = 2147483647;
			files = (
			);
			runOnlyForDeploymentPostprocessing = 0;
		};
		8E4A00A81C55D97E0019C1A7 /* Frameworks */ = {
			isa = PBXFrameworksBuildPhase;
			buildActionMask = 2147483647;
			files = (
			);
			runOnlyForDeploymentPostprocessing = 0;
		};
/* End PBXFrameworksBuildPhase section */

/* Begin PBXGroup section */
		8E4A00831C55D97E0019C1A7 = {
			isa = PBXGroup;
			children = (
				8E4A008E1C55D97E0019C1A7 /* Super Cool */,
				8E4A00A31C55D97E0019C1A7 /* Super CoolTests */,
				8E4A00AE1C55D97E0019C1A7 /* Super CoolUITests */,
				8E4A008D1C55D97E0019C1A7 /* Products */,
			);
			sourceTree = "<group>";
		};
		8E4A008D1C55D97E0019C1A7 /* Products */ = {
			isa = PBXGroup;
			children = (
				8E4A008C1C55D97E0019C1A7 /* Super Cool.app */,
				8E4A00A01C55D97E0019C1A7 /* Super CoolTests.xctest */,
				8E4A00AB1C55D97E0019C1A7 /* Super CoolUITests.xctest */,
			);
			name = Products;
			sourceTree = "<group>";
		};
		8E4A008E1C55D97E0019C1A7 /* Super Cool */ = {
			isa = PBXGroup;
			children = (
				8E4A008F1C55D97E0019C1A7 /* AppDelegate.swift */,
				8E4A00911C55D97E0019C1A7 /* ViewController.swift */,
				8E4A00931C55D97E0019C1A7 /* Main.storyboard */,
				8E4A00961C55D97E0019C1A7 /* Assets.xcassets */,
				8E4A00981C55D97E0019C1A7 /* LaunchScreen.storyboard */,
				8E4A009B1C55D97E0019C1A7 /* Info.plist */,
			);
			path = "Super Cool";
			sourceTree = "<group>";
		};
		8E4A00A31C55D97E0019C1A7 /* Super CoolTests */ = {
			isa = PBXGroup;
			children = (
				8E4A00A41C55D97E0019C1A7 /* Super_CoolTests.swift */,
				8E4A00A61C55D97E0019C1A7 /* Info.plist */,
			);
			path = "Super CoolTests";
			sourceTree = "<group>";
		};
		8E4A00AE1C55D97E0019C1A7 /* Super CoolUITests */ = {
			isa = PBXGroup;
			children = (
				8E4A00AF1C55D97E0019C1A7 /* Super_CoolUITests.swift */,
				8E4A00B11C55D97E0019C1A7 /* Info.plist */,
			);
			path = "Super CoolUITests";
			sourceTree = "<group>";
		};
/* End PBXGroup section */

/* Begin PBXNativeTarget section */
		8E4A008B1C55D97E0019C1A7 /* Super Cool */ = {
			isa = PBXNativeTarget;
			buildConfigurationList = 8E4A00B41C55D97E0019C1A7 /* Build configuration list for PBXNativeTarget "Super Cool" */;
			buildPhases = (
				8E4A00881C55D97E0019C1A7 /* Sources */,
				8E4A00891C55D97E0019C1A7 /* Frameworks */,
				8E4A008A1C55D97E0019C1A7 /* Resources */,
			);
			buildRules = (
			);
			dependencies = (
			);
			name = "Super Cool";
			productName = "Super Cool";
			productReference = 8E4A008C1C55D97E0019C1A7 /* Super Cool.app */;
			productType = "com.apple.product-type.application";
		};
		8E4A009F1C55D97E0019C1A7 /* Super CoolTests */ = {
			isa = PBXNativeTarget;
			buildConfigurationList = 8E4A00B71C55D97E0019C1A7 /* Build configuration list for PBXNativeTarget "Super CoolTests" */;
			buildPhases = (
				8E4A009C1C55D97E0019C1A7 /* Sources */,
				8E4A009D1C55D97E0019C1A7 /* Frameworks */,
				8E4A009E1C55D97E0019C1A7 /* Resources */,
			);
			buildRules = (
			);
			dependencies = (
				8E4A00A21C55D97E0019C1A7 /* PBXTargetDependency */,
			);
			name = "Super CoolTests";
			productName = "Super CoolTests";
			productReference = 8E4A00A01C55D97E0019C1A7 /* Super CoolTests.xctest */;
			productType = "com.apple.product-type.bundle.unit-test";
		};
		8E4A00AA1C55D97E0019C1A7 /* Super CoolUITests */ = {
			isa = PBXNativeTarget;
			buildConfigurationList = 8E4A00BA1C55D97E0019C1A7 /* Build configuration list for PBXNativeTarget "Super CoolUITests" */;
			buildPhases = (
				8E4A00A71C55D97E0019C1A7 /* Sources */,
				8E4A00A81C55D97E0019C1A7 /* Frameworks */,
				8E4A00A91C55D97E0019C1A7 /* Resources */,
			);
			buildRules = (
			);
			dependencies = (
				8E4A00AD1C55D97E0019C1A7 /* PBXTargetDependency */,
			);
			name = "Super CoolUITests";
			productName = "Super CoolUITests";
			productReference = 8E4A00AB1C55D97E0019C1A7 /* Super CoolUITests.xctest */;
			productType = "com.apple.product-type.bundle.ui-testing";
		};
/* End PBXNativeTarget section */

/* Begin PBXProject section */
		8E4A00841C55D97E0019C1A7 /* Project object */ = {
			isa = PBXProject;
			attributes = {
				LastSwiftUpdateCheck = 0720;
				LastUpgradeCheck = 0720;
				ORGANIZATIONNAME = "Cale Riggs";
				TargetAttributes = {
					8E4A008B1C55D97E0019C1A7 = {
						CreatedOnToolsVersion = 7.2;
					};
					8E4A009F1C55D97E0019C1A7 = {
						CreatedOnToolsVersion = 7.2;
						TestTargetID = 8E4A008B1C55D97E0019C1A7;
					};
					8E4A00AA1C55D97E0019C1A7 = {
						CreatedOnToolsVersion = 7.2;
						TestTargetID = 8E4A008B1C55D97E0019C1A7;
					};
				};
			};
			buildConfigurationList = 8E4A00871C55D97E0019C1A7 /* Build configuration list for PBXProject "Super Cool" */;
			compatibilityVersion = "Xcode 3.2";
			developmentRegion = English;
			hasScannedForEncodings = 0;
			knownRegions = (
				en,
				Base,
			);
			mainGroup = 8E4A00831C55D97E0019C1A7;
			productRefGroup = 8E4A008D1C55D97E0019C1A7 /* Products */;
			projectDirPath = "";
			projectRoot = "";
			targets = (
				8E4A008B1C55D97E0019C1A7 /* Super Cool */,
				8E4A009F1C55D97E0019C1A7 /* Super CoolTests */,
				8E4A00AA1C55D97E0019C1A7 /* Super CoolUITests */,
			);
		};
/* End PBXProject section */

/* Begin PBXResourcesBuildPhase section */
		8E4A008A1C55D97E0019C1A7 /* Resources */ = {
			isa = PBXResourcesBuildPhase;
			buildActionMask = 2147483647;
			files = (
				8E4A009A1C55D97E0019C1A7 /* LaunchScreen.storyboard in Resources */,
				8E4A00971C55D97E0019C1A7 /* Assets.xcassets in Resources */,
				8E4A00951C55D97E0019C1A7 /* Main.storyboard in Resources */,
			);
			runOnlyForDeploymentPostprocessing = 0;
		};
		8E4A009E1C55D97E0019C1A7 /* Resources */ = {
			isa = PBXResourcesBuildPhase;
			buildActionMask = 2147483647;
			files = (
			);
			runOnlyForDeploymentPostprocessing = 0;
		};
		8E4A00A91C55D97E0019C1A7 /* Resources */ = {
			isa = PBXResourcesBuildPhase;
			buildActionMask = 2147483647;
			files = (
			);
			runOnlyForDeploymentPostprocessing = 0;
		};
/* End PBXResourcesBuildPhase section */

/* Begin PBXSourcesBuildPhase section */
		8E4A00881C55D97E0019C1A7 /* Sources */ = {
			isa = PBXSourcesBuildPhase;
			buildActionMask = 2147483647;
			files = (
				8E4A00921C55D97E0019C1A7 /* ViewController.swift in Sources */,
				8E4A00901C55D97E0019C1A7 /* AppDelegate.swift in Sources */,
			);
			runOnlyForDeploymentPostprocessing = 0;
		};
		8E4A009C1C55D97E0019C1A7 /* Sources */ = {
			isa = PBXSourcesBuildPhase;
			buildActionMask = 2147483647;
			files = (
				8E4A00A51C55D97E0019C1A7 /* Super_CoolTests.swift in Sources */,
			);
			runOnlyForDeploymentPostprocessing = 0;
		};
		8E4A00A71C55D97E0019C1A7 /* Sources */ = {
			isa = PBXSourcesBuildPhase;
			buildActionMask = 2147483647;
			files = (
				8E4A00B01C55D97E0019C1A7 /* Super_CoolUITests.swift in Sources */,
			);
			runOnlyForDeploymentPostprocessing = 0;
		};
/* End PBXSourcesBuildPhase section */

/* Begin PBXTargetDependency section */
		8E4A00A21C55D97E0019C1A7 /* PBXTargetDependency */ = {
			isa = PBXTargetDependency;
			target = 8E4A008B1C55D97E0019C1A7 /* Super Cool */;
			targetProxy = 8E4A00A11C55D97E0019C1A7 /* PBXContainerItemProxy */;
		};
		8E4A00AD1C55D97E0019C1A7 /* PBXTargetDependency */ = {
			isa = PBXTargetDependency;
			target = 8E4A008B1C55D97E0019C1A7 /* Super Cool */;
			targetProxy = 8E4A00AC1C55D97E0019C1A7 /* PBXContainerItemProxy */;
		};
/* End PBXTargetDependency section */

/* Begin PBXVariantGroup section */
		8E4A00931C55D97E0019C1A7 /* Main.storyboard */ = {
			isa = PBXVariantGroup;
			children = (
				8E4A00941C55D97E0019C1A7 /* Base */,
			);
			name = Main.storyboard;
			sourceTree = "<group>";
		};
		8E4A00981C55D97E0019C1A7 /* LaunchScreen.storyboard */ = {
			isa = PBXVariantGroup;
			children = (
				8E4A00991C55D97E0019C1A7 /* Base */,
			);
			name = LaunchScreen.storyboard;
			sourceTree = "<group>";
		};
/* End PBXVariantGroup section */

/* Begin XCBuildConfiguration section */
		8E4A00B21C55D97E0019C1A7 /* Debug */ = {
			isa = XCBuildConfiguration;
			buildSettings = {
				ALWAYS_SEARCH_USER_PATHS = NO;
				CLANG_CXX_LANGUAGE_STANDARD = "gnu++0x";
				CLANG_CXX_LIBRARY = "libc++";
				CLANG_ENABLE_MODULES = YES;
				CLANG_ENABLE_OBJC_ARC = YES;
				CLANG_WARN_BOOL_CONVERSION = YES;
				CLANG_WARN_CONSTANT_CONVERSION = YES;
				CLANG_WARN_DIRECT_OBJC_ISA_USAGE = YES_ERROR;
				CLANG_WARN_EMPTY_BODY = YES;
				CLANG_WARN_ENUM_CONVERSION = YES;
				CLANG_WARN_INT_CONVERSION = YES;
				CLANG_WARN_OBJC_ROOT_CLASS = YES_ERROR;
				CLANG_WARN_UNREACHABLE_CODE = YES;
				CLANG_WARN__DUPLICATE_METHOD_MATCH = YES;
				"CODE_SIGN_IDENTITY[sdk=iphoneos*]" = "iPhone Developer";
				COPY_PHASE_STRIP = NO;
				DEBUG_INFORMATION_FORMAT = dwarf;
				ENABLE_STRICT_OBJC_MSGSEND = YES;
				ENABLE_TESTABILITY = YES;
				GCC_C_LANGUAGE_STANDARD = gnu99;
				GCC_DYNAMIC_NO_PIC = NO;
				GCC_NO_COMMON_BLOCKS = YES;
				GCC_OPTIMIZATION_LEVEL = 0;
				GCC_PREPROCESSOR_DEFINITIONS = (
					"DEBUG=1",
					"$(inherited)",
				);
				GCC_WARN_64_TO_32_BIT_CONVERSION = YES;
				GCC_WARN_ABOUT_RETURN_TYPE = YES_ERROR;
				GCC_WARN_UNDECLARED_SELECTOR = YES;
				GCC_WARN_UNINITIALIZED_AUTOS = YES_AGGRESSIVE;
				GCC_WARN_UNUSED_FUNCTION = YES;
				GCC_WARN_UNUSED_VARIABLE = YES;
				IPHONEOS_DEPLOYMENT_TARGET = 9.2;
				MTL_ENABLE_DEBUG_INFO = YES;
				ONLY_ACTIVE_ARCH = YES;
				SDKROOT = iphoneos;
				SWIFT_OPTIMIZATION_LEVEL = "-Onone";
			};
			name = Debug;
		};
		8E4A00B31C55D97E0019C1A7 /* Release */ = {
			isa = XCBuildConfiguration;
			buildSettings = {
				ALWAYS_SEARCH_USER_PATHS = NO;
				CLANG_CXX_LANGUAGE_STANDARD = "gnu++0x";
				CLANG_CXX_LIBRARY = "libc++";
				CLANG_ENABLE_MODULES = YES;
				CLANG_ENABLE_OBJC_ARC = YES;
				CLANG_WARN_BOOL_CONVERSION = YES;
				CLANG_WARN_CONSTANT_CONVERSION = YES;
				CLANG_WARN_DIRECT_OBJC_ISA_USAGE = YES_ERROR;
				CLANG_WARN_EMPTY_BODY = YES;
				CLANG_WARN_ENUM_CONVERSION = YES;
				CLANG_WARN_INT_CONVERSION = YES;
				CLANG_WARN_OBJC_ROOT_CLASS = YES_ERROR;
				CLANG_WARN_UNREACHABLE_CODE = YES;
				CLANG_WARN__DUPLICATE_METHOD_MATCH = YES;
				"CODE_SIGN_IDENTITY[sdk=iphoneos*]" = "iPhone Developer";
				COPY_PHASE_STRIP = NO;
				DEBUG_INFORMATION_FORMAT = "dwarf-with-dsym";
				ENABLE_NS_ASSERTIONS = NO;
				ENABLE_STRICT_OBJC_MSGSEND = YES;
				GCC_C_LANGUAGE_STANDARD = gnu99;
				GCC_NO_COMMON_BLOCKS = YES;
				GCC_WARN_64_TO_32_BIT_CONVERSION = YES;
				GCC_WARN_ABOUT_RETURN_TYPE = YES_ERROR;
				GCC_WARN_UNDECLARED_SELECTOR = YES;
				GCC_WARN_UNINITIALIZED_AUTOS = YES_AGGRESSIVE;
				GCC_WARN_UNUSED_FUNCTION = YES;
				GCC_WARN_UNUSED_VARIABLE = YES;
				IPHONEOS_DEPLOYMENT_TARGET = 9.2;
				MTL_ENABLE_DEBUG_INFO = NO;
				SDKROOT = iphoneos;
				VALIDATE_PRODUCT = YES;
			};
			name = Release;
		};
		8E4A00B51C55D97E0019C1A7 /* Debug */ = {
			isa = XCBuildConfiguration;
			buildSettings = {
				ASSETCATALOG_COMPILER_APPICON_NAME = AppIcon;
				INFOPLIST_FILE = "Super Cool/Info.plist";
				LD_RUNPATH_SEARCH_PATHS = "$(inherited) @executable_path/Frameworks";
				PRODUCT_BUNDLE_IDENTIFIER = "com.caleriggs.Super-Cool";
				PRODUCT_NAME = "$(TARGET_NAME)";
			};
			name = Debug;
		};
		8E4A00B61C55D97E0019C1A7 /* Release */ = {
			isa = XCBuildConfiguration;
			buildSettings = {
				ASSETCATALOG_COMPILER_APPICON_NAME = AppIcon;
				INFOPLIST_FILE = "Super Cool/Info.plist";
				LD_RUNPATH_SEARCH_PATHS = "$(inherited) @executable_path/Frameworks";
				PRODUCT_BUNDLE_IDENTIFIER = "com.caleriggs.Super-Cool";
				PRODUCT_NAME = "$(TARGET_NAME)";
			};
			name = Release;
		};
		8E4A00B81C55D97E0019C1A7 /* Debug */ = {
			isa = XCBuildConfiguration;
			buildSettings = {
				BUNDLE_LOADER = "$(TEST_HOST)";
				INFOPLIST_FILE = "Super CoolTests/Info.plist";
				LD_RUNPATH_SEARCH_PATHS = "$(inherited) @executable_path/Frameworks @loader_path/Frameworks";
				PRODUCT_BUNDLE_IDENTIFIER = "com.caleriggs.Super-CoolTests";
				PRODUCT_NAME = "$(TARGET_NAME)";
				TEST_HOST = "$(BUILT_PRODUCTS_DIR)/Super Cool.app/Super Cool";
			};
			name = Debug;
		};
		8E4A00B91C55D97E0019C1A7 /* Release */ = {
			isa = XCBuildConfiguration;
			buildSettings = {
				BUNDLE_LOADER = "$(TEST_HOST)";
				INFOPLIST_FILE = "Super CoolTests/Info.plist";
				LD_RUNPATH_SEARCH_PATHS = "$(inherited) @executable_path/Frameworks @loader_path/Frameworks";
				PRODUCT_BUNDLE_IDENTIFIER = "com.caleriggs.Super-CoolTests";
				PRODUCT_NAME = "$(TARGET_NAME)";
				TEST_HOST = "$(BUILT_PRODUCTS_DIR)/Super Cool.app/Super Cool";
			};
			name = Release;
		};
		8E4A00BB1C55D97E0019C1A7 /* Debug */ = {
			isa = XCBuildConfiguration;
			buildSettings = {
				INFOPLIST_FILE = "Super CoolUITests/Info.plist";
				LD_RUNPATH_SEARCH_PATHS = "$(inherited) @executable_path/Frameworks @loader_path/Frameworks";
				PRODUCT_BUNDLE_IDENTIFIER = "com.caleriggs.Super-CoolUITests";
				PRODUCT_NAME = "$(TARGET_NAME)";
				TEST_TARGET_NAME = "Super Cool";
				USES_XCTRUNNER = YES;
			};
			name = Debug;
		};
		8E4A00BC1C55D97E0019C1A7 /* Release */ = {
			isa = XCBuildConfiguration;
			buildSettings = {
				INFOPLIST_FILE = "Super CoolUITests/Info.plist";
				LD_RUNPATH_SEARCH_PATHS = "$(inherited) @executable_path/Frameworks @loader_path/Frameworks";
				PRODUCT_BUNDLE_IDENTIFIER = "com.caleriggs.Super-CoolUITests";
				PRODUCT_NAME = "$(TARGET_NAME)";
				TEST_TARGET_NAME = "Super Cool";
				USES_XCTRUNNER = YES;
			};
			name = Release;
		};
/* End XCBuildConfiguration section */

/* Begin XCConfigurationList section */
		8E4A00871C55D97E0019C1A7 /* Build configuration list for PBXProject "Super Cool" */ = {
			isa = XCConfigurationList;
			buildConfigurations = (
				8E4A00B21C55D97E0019C1A7 /* Debug */,
				8E4A00B31C55D97E0019C1A7 /* Release */,
			);
			defaultConfigurationIsVisible = 0;
			defaultConfigurationName = Release;
		};
		8E4A00B41C55D97E0019C1A7 /* Build configuration list for PBXNativeTarget "Super Cool" */ = {
			isa = XCConfigurationList;
			buildConfigurations = (
				8E4A00B51C55D97E0019C1A7 /* Debug */,
				8E4A00B61C55D97E0019C1A7 /* Release */,
			);
			defaultConfigurationIsVisible = 0;
		};
		8E4A00B71C55D97E0019C1A7 /* Build configuration list for PBXNativeTarget "Super CoolTests" */ = {
			isa = XCConfigurationList;
			buildConfigurations = (
				8E4A00B81C55D97E0019C1A7 /* Debug */,
				8E4A00B91C55D97E0019C1A7 /* Release */,
			);
			defaultConfigurationIsVisible = 0;
		};
		8E4A00BA1C55D97E0019C1A7 /* Build configuration list for PBXNativeTarget "Super CoolUITests" */ = {
			isa = XCConfigurationList;
			buildConfigurations = (
				8E4A00BB1C55D97E0019C1A7 /* Debug */,
				8E4A00BC1C55D97E0019C1A7 /* Release */,
			);
			defaultConfigurationIsVisible = 0;
		};
/* End XCConfigurationList section */
	};
	rootObject = 8E4A00841C55D97E0019C1A7 /* Project object */;
}
